{
  "version": 4,
  "terraform_version": "1.5.5",
  "serial": 61,
  "lineage": "6fd043f4-f01f-59c6-831b-1b4249268c61",
  "outputs": {},
  "resources": [
    {
      "mode": "managed",
      "type": "azurerm_resource_group",
      "name": "rg",
      "provider": "provider[\"registry.terraform.io/hashicorp/azurerm\"]",
      "instances": [
        {
          "schema_version": 0,
          "attributes": {
            "id": "/subscriptions/dcca56dc-7bdc-4c6d-abd7-8bef926c1f09/resourceGroups/Yusuf-RG",
            "location": "uksouth",
            "managed_by": "",
            "name": "Yusuf-RG",
            "tags": {
              "Application": "3TierDemoApp"
            },
            "timeouts": null
          },
          "sensitive_attributes": [],
          "private": "eyJlMmJmYjczMC1lY2FhLTExZTYtOGY4OC0zNDM2M2JjN2M0YzAiOnsiY3JlYXRlIjo1NDAwMDAwMDAwMDAwLCJkZWxldGUiOjU0MDAwMDAwMDAwMDAsInJlYWQiOjMwMDAwMDAwMDAwMCwidXBkYXRlIjo1NDAwMDAwMDAwMDAwfX0="
        }
      ]
    }
  ],
  "check_results": null
}
