{
  "version": 4,
  "terraform_version": "1.5.5",
  "serial": 83,
  "lineage": "6fd043f4-f01f-59c6-831b-1b4249268c61",
  "outputs": {
    "app_id": {
      "value": {
        "app_id": "c15fd8af-fb79-4cd5-a702-c6a432df1ad0",
        "application_type": "web",
        "connection_string": "InstrumentationKey=3d0284f7-2709-4d24-9172-0ce32876df84;IngestionEndpoint=https://uksouth-1.in.applicationinsights.azure.com/;LiveEndpoint=https://uksouth.livediagnostics.monitor.azure.com/",
        "daily_data_cap_in_gb": 100,
        "daily_data_cap_notifications_disabled": false,
        "disable_ip_masking": false,
        "force_customer_storage_for_profiler": false,
        "id": "/subscriptions/dcca56dc-7bdc-4c6d-abd7-8bef926c1f09/resourceGroups/Yusuf-RG/providers/Microsoft.Insights/components/yus-appinsights",
        "instrumentation_key": "3d0284f7-2709-4d24-9172-0ce32876df84",
        "internet_ingestion_enabled": true,
        "internet_query_enabled": true,
        "local_authentication_disabled": false,
        "location": "uksouth",
        "name": "yus-appinsights",
        "resource_group_name": "Yusuf-RG",
        "retention_in_days": 90,
        "sampling_percentage": 100,
        "tags": null,
        "timeouts": null,
        "workspace_id": "/subscriptions/dcca56dc-7bdc-4c6d-abd7-8bef926c1f09/resourceGroups/Yusuf-RG/providers/Microsoft.OperationalInsights/workspaces/yus-la-workspace"
      },
      "type": [
        "object",
        {
          "app_id": "string",
          "application_type": "string",
          "connection_string": "string",
          "daily_data_cap_in_gb": "number",
          "daily_data_cap_notifications_disabled": "bool",
          "disable_ip_masking": "bool",
          "force_customer_storage_for_profiler": "bool",
          "id": "string",
          "instrumentation_key": "string",
          "internet_ingestion_enabled": "bool",
          "internet_query_enabled": "bool",
          "local_authentication_disabled": "bool",
          "location": "string",
          "name": "string",
          "resource_group_name": "string",
          "retention_in_days": "number",
          "sampling_percentage": "number",
          "tags": [
            "map",
            "string"
          ],
          "timeouts": [
            "object",
            {
              "create": "string",
              "delete": "string",
              "read": "string",
              "update": "string"
            }
          ],
          "workspace_id": "string"
        }
      ],
      "sensitive": true
    },
    "backend_url": {
      "value": "be-app-functionazurewebsites.net",
      "type": "string"
    },
    "frontend-url": {
      "value": "yustestenviroment.azurewebsites.net",
      "type": "string"
    },
    "instrumentation_key": {
      "value": "3d0284f7-2709-4d24-9172-0ce32876df84",
      "type": "string",
      "sensitive": true
    },
    "resource_group_id": {
      "value": "/subscriptions/dcca56dc-7bdc-4c6d-abd7-8bef926c1f09/resourceGroups/Yusuf-RG",
      "type": "string"
    }
  },
  "resources": [
    {
      "mode": "data",
      "type": "azurerm_client_config",
      "name": "current",
      "provider": "provider[\"registry.terraform.io/hashicorp/azurerm\"]",
      "instances": [
        {
          "schema_version": 0,
          "attributes": {
            "client_id": "f596548a-2fa4-42a7-919f-6a73e055667d",
            "id": "Y2xpZW50Q29uZmlncy9jbGllbnRJZD1mNTk2NTQ4YS0yZmE0LTQyYTctOTE5Zi02YTczZTA1NTY2N2Q7b2JqZWN0SWQ9ZmYwY2ZiYzEtZTdhZS00ODQ2LTgxNDYtMzIyYmZiYzg5OTVkO3N1YnNjcmlwdGlvbklkPWRjY2E1NmRjLTdiZGMtNGM2ZC1hYmQ3LThiZWY5MjZjMWYwOTt0ZW5hbnRJZD00NmNiMjUxNi0zMDdiLTQzMzYtOTBhNS0yOTQ0MWE0ZThjMjI=",
            "object_id": "ff0cfbc1-e7ae-4846-8146-322bfbc8995d",
            "subscription_id": "dcca56dc-7bdc-4c6d-abd7-8bef926c1f09",
            "tenant_id": "46cb2516-307b-4336-90a5-29441a4e8c22",
            "timeouts": null
          },
          "sensitive_attributes": []
        }
      ]
    },
    {
      "mode": "managed",
      "type": "azurerm_app_service_virtual_network_swift_connection",
      "name": "vnet-be-intergration",
      "provider": "provider[\"registry.terraform.io/hashicorp/azurerm\"]",
      "instances": [
        {
          "schema_version": 0,
          "attributes": {
            "app_service_id": "/subscriptions/dcca56dc-7bdc-4c6d-abd7-8bef926c1f09/resourceGroups/Yusuf-RG/providers/Microsoft.Web/sites/be-app-function",
            "id": "/subscriptions/dcca56dc-7bdc-4c6d-abd7-8bef926c1f09/resourceGroups/Yusuf-RG/providers/Microsoft.Web/sites/be-app-function/config/virtualNetwork",
            "subnet_id": "/subscriptions/dcca56dc-7bdc-4c6d-abd7-8bef926c1f09/resourceGroups/Yusuf-RG/providers/Microsoft.Network/virtualNetworks/yus1-vnet/subnets/be-subnet",
            "timeouts": null
          },
          "sensitive_attributes": [],
          "private": "eyJlMmJmYjczMC1lY2FhLTExZTYtOGY4OC0zNDM2M2JjN2M0YzAiOnsiY3JlYXRlIjoxODAwMDAwMDAwMDAwLCJkZWxldGUiOjE4MDAwMDAwMDAwMDAsInJlYWQiOjMwMDAwMDAwMDAwMCwidXBkYXRlIjoxODAwMDAwMDAwMDAwfX0=",
          "dependencies": [
            "azurerm_application_insights.yus-appinsights",
            "azurerm_linux_function_app.be-app",
            "azurerm_log_analytics_workspace.yus-loganalytics",
            "azurerm_resource_group.rg",
            "azurerm_service_plan.back-asp",
            "azurerm_storage_account.yusstoreaccount",
            "azurerm_subnet.yusbe-subnet",
            "azurerm_subnet.yusfe-subnet",
            "azurerm_virtual_network.yusufnet"
          ]
        }
      ]
    },
    {
      "mode": "managed",
      "type": "azurerm_app_service_virtual_network_swift_connection",
      "name": "vnet-fe-intergration",
      "provider": "provider[\"registry.terraform.io/hashicorp/azurerm\"]",
      "instances": [
        {
          "schema_version": 0,
          "attributes": {
            "app_service_id": "/subscriptions/dcca56dc-7bdc-4c6d-abd7-8bef926c1f09/resourceGroups/Yusuf-RG/providers/Microsoft.Web/sites/yustestenviroment",
            "id": "/subscriptions/dcca56dc-7bdc-4c6d-abd7-8bef926c1f09/resourceGroups/Yusuf-RG/providers/Microsoft.Web/sites/yustestenviroment/config/virtualNetwork",
            "subnet_id": "/subscriptions/dcca56dc-7bdc-4c6d-abd7-8bef926c1f09/resourceGroups/Yusuf-RG/providers/Microsoft.Network/virtualNetworks/yus1-vnet/subnets/fe-subnet",
            "timeouts": null
          },
          "sensitive_attributes": [],
          "private": "eyJlMmJmYjczMC1lY2FhLTExZTYtOGY4OC0zNDM2M2JjN2M0YzAiOnsiY3JlYXRlIjoxODAwMDAwMDAwMDAwLCJkZWxldGUiOjE4MDAwMDAwMDAwMDAsInJlYWQiOjMwMDAwMDAwMDAwMCwidXBkYXRlIjoxODAwMDAwMDAwMDAwfX0=",
          "dependencies": [
            "azurerm_application_insights.yus-appinsights",
            "azurerm_linux_web_app.feapp",
            "azurerm_log_analytics_workspace.yus-loganalytics",
            "azurerm_resource_group.rg",
            "azurerm_service_plan.front-asp",
            "azurerm_subnet.yusfe-subnet",
            "azurerm_virtual_network.yusufnet"
          ]
        }
      ]
    },
    {
      "mode": "managed",
      "type": "azurerm_application_insights",
      "name": "yus-appinsights",
      "provider": "provider[\"registry.terraform.io/hashicorp/azurerm\"]",
      "instances": [
        {
          "schema_version": 1,
          "attributes": {
            "app_id": "c15fd8af-fb79-4cd5-a702-c6a432df1ad0",
            "application_type": "web",
            "connection_string": "InstrumentationKey=3d0284f7-2709-4d24-9172-0ce32876df84;IngestionEndpoint=https://uksouth-1.in.applicationinsights.azure.com/;LiveEndpoint=https://uksouth.livediagnostics.monitor.azure.com/",
            "daily_data_cap_in_gb": 100,
            "daily_data_cap_notifications_disabled": false,
            "disable_ip_masking": false,
            "force_customer_storage_for_profiler": false,
            "id": "/subscriptions/dcca56dc-7bdc-4c6d-abd7-8bef926c1f09/resourceGroups/Yusuf-RG/providers/Microsoft.Insights/components/yus-appinsights",
            "instrumentation_key": "3d0284f7-2709-4d24-9172-0ce32876df84",
            "internet_ingestion_enabled": true,
            "internet_query_enabled": true,
            "local_authentication_disabled": false,
            "location": "uksouth",
            "name": "yus-appinsights",
            "resource_group_name": "Yusuf-RG",
            "retention_in_days": 90,
            "sampling_percentage": 100,
            "tags": null,
            "timeouts": null,
            "workspace_id": "/subscriptions/dcca56dc-7bdc-4c6d-abd7-8bef926c1f09/resourceGroups/Yusuf-RG/providers/Microsoft.OperationalInsights/workspaces/yus-la-workspace"
          },
          "sensitive_attributes": [],
          "private": "eyJlMmJmYjczMC1lY2FhLTExZTYtOGY4OC0zNDM2M2JjN2M0YzAiOnsiY3JlYXRlIjozNjAwMDAwMDAwMDAwLCJkZWxldGUiOjE4MDAwMDAwMDAwMDAsInJlYWQiOjMwMDAwMDAwMDAwMCwidXBkYXRlIjoxODAwMDAwMDAwMDAwfSwic2NoZW1hX3ZlcnNpb24iOiIxIn0=",
          "dependencies": [
            "azurerm_log_analytics_workspace.yus-loganalytics",
            "azurerm_resource_group.rg"
          ]
        }
      ]
    },
    {
      "mode": "managed",
      "type": "azurerm_key_vault",
      "name": "Yus_Key_test",
      "provider": "provider[\"registry.terraform.io/hashicorp/azurerm\"]",
      "instances": [
        {
          "schema_version": 2,
          "attributes": {
            "access_policy": [],
            "contact": [],
            "enable_rbac_authorization": false,
            "enabled_for_deployment": false,
            "enabled_for_disk_encryption": true,
            "enabled_for_template_deployment": false,
            "id": "/subscriptions/dcca56dc-7bdc-4c6d-abd7-8bef926c1f09/resourceGroups/Yusuf-RG/providers/Microsoft.KeyVault/vaults/yusvault2023",
            "location": "uksouth",
            "name": "yusvault2023",
            "network_acls": [
              {
                "bypass": "AzureServices",
                "default_action": "Allow",
                "ip_rules": [],
                "virtual_network_subnet_ids": []
              }
            ],
            "public_network_access_enabled": true,
            "purge_protection_enabled": false,
            "resource_group_name": "Yusuf-RG",
            "sku_name": "standard",
            "soft_delete_retention_days": 7,
            "tags": null,
            "tenant_id": "46cb2516-307b-4336-90a5-29441a4e8c22",
            "timeouts": null,
            "vault_uri": "https://yusvault2023.vault.azure.net/"
          },
          "sensitive_attributes": [],
          "private": "eyJlMmJmYjczMC1lY2FhLTExZTYtOGY4OC0zNDM2M2JjN2M0YzAiOnsiY3JlYXRlIjoxODAwMDAwMDAwMDAwLCJkZWxldGUiOjE4MDAwMDAwMDAwMDAsInJlYWQiOjMwMDAwMDAwMDAwMCwidXBkYXRlIjoxODAwMDAwMDAwMDAwfSwic2NoZW1hX3ZlcnNpb24iOiIyIn0=",
          "dependencies": [
            "azurerm_resource_group.rg",
            "data.azurerm_client_config.current"
          ]
        }
      ]
    },
    {
      "mode": "managed",
      "type": "azurerm_key_vault_access_policy",
      "name": "keyv_access_policy_1",
      "provider": "provider[\"registry.terraform.io/hashicorp/azurerm\"]",
      "instances": [
        {
          "schema_version": 0,
          "attributes": {
            "application_id": null,
            "certificate_permissions": null,
            "id": "/subscriptions/dcca56dc-7bdc-4c6d-abd7-8bef926c1f09/resourceGroups/Yusuf-RG/providers/Microsoft.KeyVault/vaults/yusvault2023/objectId/ff0cfbc1-e7ae-4846-8146-322bfbc8995d",
            "key_permissions": [
              "Get",
              "List"
            ],
            "key_vault_id": "/subscriptions/dcca56dc-7bdc-4c6d-abd7-8bef926c1f09/resourceGroups/Yusuf-RG/providers/Microsoft.KeyVault/vaults/yusvault2023",
            "object_id": "ff0cfbc1-e7ae-4846-8146-322bfbc8995d",
            "secret_permissions": [
              "Get",
              "Backup",
              "Delete",
              "List",
              "Purge",
              "Recover",
              "Restore",
              "Set"
            ],
            "storage_permissions": null,
            "tenant_id": "46cb2516-307b-4336-90a5-29441a4e8c22",
            "timeouts": null
          },
          "sensitive_attributes": [],
          "private": "eyJlMmJmYjczMC1lY2FhLTExZTYtOGY4OC0zNDM2M2JjN2M0YzAiOnsiY3JlYXRlIjoxODAwMDAwMDAwMDAwLCJkZWxldGUiOjE4MDAwMDAwMDAwMDAsInJlYWQiOjMwMDAwMDAwMDAwMCwidXBkYXRlIjoxODAwMDAwMDAwMDAwfX0=",
          "dependencies": [
            "azurerm_key_vault.Yus_Key_test",
            "azurerm_resource_group.rg",
            "data.azurerm_client_config.current"
          ]
        }
      ]
    },
    {
      "mode": "managed",
      "type": "azurerm_key_vault_secret",
      "name": "Yussqladminpassword",
      "provider": "provider[\"registry.terraform.io/hashicorp/azurerm\"]",
      "instances": [
        {
          "schema_version": 0,
          "attributes": {
            "content_type": "text/plain",
            "expiration_date": null,
            "id": "https://yusvault2023.vault.azure.net/secrets/yussqladmin/c2e194e1ff344517be66cb35ce999894",
            "key_vault_id": "/subscriptions/dcca56dc-7bdc-4c6d-abd7-8bef926c1f09/resourceGroups/Yusuf-RG/providers/Microsoft.KeyVault/vaults/yusvault2023",
            "name": "yussqladmin",
            "not_before_date": null,
            "resource_id": "/subscriptions/dcca56dc-7bdc-4c6d-abd7-8bef926c1f09/resourceGroups/Yusuf-RG/providers/Microsoft.KeyVault/vaults/yusvault2023/secrets/yussqladmin/versions/c2e194e1ff344517be66cb35ce999894",
            "resource_versionless_id": "/subscriptions/dcca56dc-7bdc-4c6d-abd7-8bef926c1f09/resourceGroups/Yusuf-RG/providers/Microsoft.KeyVault/vaults/yusvault2023/secrets/yussqladmin",
            "tags": null,
            "timeouts": null,
            "value": "HjPyupYOAD]nj2YJ",
            "version": "c2e194e1ff344517be66cb35ce999894",
            "versionless_id": "https://yusvault2023.vault.azure.net/secrets/yussqladmin"
          },
          "sensitive_attributes": [
            [
              {
                "type": "get_attr",
                "value": "value"
              }
            ]
          ],
          "private": "eyJlMmJmYjczMC1lY2FhLTExZTYtOGY4OC0zNDM2M2JjN2M0YzAiOnsiY3JlYXRlIjoxODAwMDAwMDAwMDAwLCJkZWxldGUiOjE4MDAwMDAwMDAwMDAsInJlYWQiOjE4MDAwMDAwMDAwMDAsInVwZGF0ZSI6MTgwMDAwMDAwMDAwMH19",
          "dependencies": [
            "azurerm_key_vault.Yus_Key_test",
            "azurerm_key_vault_access_policy.keyv_access_policy_1",
            "azurerm_resource_group.rg",
            "data.azurerm_client_config.current",
            "random_password.randompass"
          ]
        }
      ]
    },
    {
      "mode": "managed",
      "type": "azurerm_key_vault_secret",
      "name": "sqldb_cnxn",
      "provider": "provider[\"registry.terraform.io/hashicorp/azurerm\"]",
      "instances": [
        {
          "schema_version": 0,
          "attributes": {
            "content_type": "",
            "expiration_date": null,
            "id": "https://yusvault2023.vault.azure.net/secrets/yussqldbconstring/37365541baa949bc8875b331559c6bb5",
            "key_vault_id": "/subscriptions/dcca56dc-7bdc-4c6d-abd7-8bef926c1f09/resourceGroups/Yusuf-RG/providers/Microsoft.KeyVault/vaults/yusvault2023",
            "name": "yussqldbconstring",
            "not_before_date": null,
            "resource_id": "/subscriptions/dcca56dc-7bdc-4c6d-abd7-8bef926c1f09/resourceGroups/Yusuf-RG/providers/Microsoft.KeyVault/vaults/yusvault2023/secrets/yussqldbconstring/versions/37365541baa949bc8875b331559c6bb5",
            "resource_versionless_id": "/subscriptions/dcca56dc-7bdc-4c6d-abd7-8bef926c1f09/resourceGroups/Yusuf-RG/providers/Microsoft.KeyVault/vaults/yusvault2023/secrets/yussqldbconstring",
            "tags": null,
            "timeouts": null,
            "value": "Driver={ODBC Driver 18 for SQL Server};Server=tcp:yus-sqldb-test.database.windows.net,1433;Database=yus-db;Uid=admin;Pwd=HjPyupYOAD]nj2YJ;Encrypt=yes;TrustServerCertificate=no;Connection Timeout=30;",
            "version": "37365541baa949bc8875b331559c6bb5",
            "versionless_id": "https://yusvault2023.vault.azure.net/secrets/yussqldbconstring"
          },
          "sensitive_attributes": [
            [
              {
                "type": "get_attr",
                "value": "value"
              }
            ]
          ],
          "private": "eyJlMmJmYjczMC1lY2FhLTExZTYtOGY4OC0zNDM2M2JjN2M0YzAiOnsiY3JlYXRlIjoxODAwMDAwMDAwMDAwLCJkZWxldGUiOjE4MDAwMDAwMDAwMDAsInJlYWQiOjE4MDAwMDAwMDAwMDAsInVwZGF0ZSI6MTgwMDAwMDAwMDAwMH19",
          "dependencies": [
            "azurerm_key_vault.Yus_Key_test",
            "azurerm_key_vault_access_policy.keyv_access_policy_1",
            "azurerm_mssql_database.yus-database",
            "azurerm_mssql_server.yussql1",
            "azurerm_resource_group.rg",
            "data.azurerm_client_config.current",
            "random_password.randompass"
          ]
        }
      ]
    },
    {
      "mode": "managed",
      "type": "azurerm_linux_function_app",
      "name": "be-app",
      "provider": "provider[\"registry.terraform.io/hashicorp/azurerm\"]",
      "instances": [
        {
          "schema_version": 0,
          "attributes": {
            "app_settings": {
              "APPINSIGHTS_PROFILERFEATURE_VERSION": "1.0.0",
              "ApplicationInsightsAgent_EXTENSION_VERSION": "~2"
            },
            "auth_settings": [],
            "auth_settings_v2": [],
            "backup": [],
            "builtin_logging_enabled": true,
            "client_certificate_enabled": false,
            "client_certificate_exclusion_paths": "",
            "client_certificate_mode": "Optional",
            "connection_string": [],
            "content_share_force_disabled": false,
            "custom_domain_verification_id": "C1A31DAA2D5D7E900715F8FBE61F412AC833E433F6A1DC81ABC471370C7C2283",
            "daily_memory_time_quota": 0,
            "default_hostname": "be-app-function.azurewebsites.net",
            "enabled": true,
            "functions_extension_version": "~4",
            "hosting_environment_id": "",
            "https_only": false,
            "id": "/subscriptions/dcca56dc-7bdc-4c6d-abd7-8bef926c1f09/resourceGroups/Yusuf-RG/providers/Microsoft.Web/sites/be-app-function",
            "identity": [
              {
                "identity_ids": null,
                "principal_id": "e707cea7-36ab-405c-8c6a-6a56118fe42c",
                "tenant_id": "46cb2516-307b-4336-90a5-29441a4e8c22",
                "type": "SystemAssigned"
              }
            ],
            "key_vault_reference_identity_id": "SystemAssigned",
            "kind": "functionapp,linux",
            "location": "uksouth",
            "name": "be-app-function",
            "outbound_ip_address_list": [
              "51.11.18.78",
              "51.11.18.132",
              "51.11.18.150",
              "51.11.18.195",
              "51.11.18.222",
              "51.11.19.118",
              "20.90.134.27"
            ],
            "outbound_ip_addresses": "51.11.18.78,51.11.18.132,51.11.18.150,51.11.18.195,51.11.18.222,51.11.19.118,20.90.134.27",
            "possible_outbound_ip_address_list": [
              "51.11.18.78",
              "51.11.18.132",
              "51.11.18.150",
              "51.11.18.195",
              "51.11.18.222",
              "51.11.19.118",
              "51.11.19.133",
              "51.11.20.71",
              "51.11.20.127",
              "51.11.20.150",
              "51.11.20.199",
              "51.11.20.243",
              "51.11.21.97",
              "51.11.21.185",
              "51.11.21.229",
              "51.11.21.237",
              "51.11.22.36",
              "51.11.22.189",
              "51.11.22.227",
              "51.11.22.254",
              "51.11.23.164",
              "51.11.23.176",
              "51.11.23.254",
              "51.11.56.81",
              "20.90.134.27"
            ],
            "possible_outbound_ip_addresses": "51.11.18.78,51.11.18.132,51.11.18.150,51.11.18.195,51.11.18.222,51.11.19.118,51.11.19.133,51.11.20.71,51.11.20.127,51.11.20.150,51.11.20.199,51.11.20.243,51.11.21.97,51.11.21.185,51.11.21.229,51.11.21.237,51.11.22.36,51.11.22.189,51.11.22.227,51.11.22.254,51.11.23.164,51.11.23.176,51.11.23.254,51.11.56.81,20.90.134.27",
            "public_network_access_enabled": true,
            "resource_group_name": "Yusuf-RG",
            "service_plan_id": "/subscriptions/dcca56dc-7bdc-4c6d-abd7-8bef926c1f09/resourceGroups/Yusuf-RG/providers/Microsoft.Web/serverfarms/yusbe-asp-prod",
            "site_config": [
              {
                "always_on": false,
                "api_definition_url": "",
                "api_management_api_id": "",
                "app_command_line": "",
                "app_scale_limit": 0,
                "app_service_logs": [],
                "application_insights_connection_string": "",
                "application_insights_key": "3d0284f7-2709-4d24-9172-0ce32876df84",
                "application_stack": [
                  {
                    "docker": [],
                    "dotnet_version": "",
                    "java_version": "",
                    "node_version": "",
                    "powershell_core_version": "",
                    "python_version": "3.8",
                    "use_custom_runtime": false,
                    "use_dotnet_isolated_runtime": false
                  }
                ],
                "container_registry_managed_identity_client_id": "",
                "container_registry_use_managed_identity": false,
                "cors": [],
                "default_documents": [
                  "Default.htm",
                  "Default.html",
                  "Default.asp",
                  "index.htm",
                  "index.html",
                  "iisstart.htm",
                  "default.aspx",
                  "index.php"
                ],
                "detailed_error_logging_enabled": false,
                "elastic_instance_minimum": 0,
                "ftps_state": "Disabled",
                "health_check_eviction_time_in_min": 0,
                "health_check_path": "",
                "http2_enabled": false,
                "ip_restriction": [
                  {
                    "action": "Allow",
                    "headers": null,
                    "ip_address": "",
                    "name": "frontend access only",
                    "priority": 100,
                    "service_tag": "",
                    "virtual_network_subnet_id": "/subscriptions/dcca56dc-7bdc-4c6d-abd7-8bef926c1f09/resourceGroups/Yusuf-RG/providers/Microsoft.Network/virtualNetworks/yus1-vnet/subnets/fe-subnet"
                  }
                ],
                "linux_fx_version": "PYTHON|3.8",
                "load_balancing_mode": "LeastRequests",
                "managed_pipeline_mode": "Integrated",
                "minimum_tls_version": "1.2",
                "pre_warmed_instance_count": 0,
                "remote_debugging_enabled": false,
                "remote_debugging_version": "",
                "runtime_scale_monitoring_enabled": false,
                "scm_ip_restriction": [],
                "scm_minimum_tls_version": "1.2",
                "scm_type": "None",
                "scm_use_main_ip_restriction": false,
                "use_32_bit_worker": false,
                "vnet_route_all_enabled": false,
                "websockets_enabled": false,
                "worker_count": 1
              }
            ],
            "site_credential": [
              {
                "name": "$be-app-function",
                "password": "WpBXjZMWwP24uXHefwhwR71P9MlKxnlbEKWMF9P8RyigTclycqyYs5lJHueH"
              }
            ],
            "sticky_settings": [],
            "storage_account": [],
            "storage_account_access_key": "JYbcsBLRdfeLS9F6+a88LVmOrWmo155p5WG18/f9z23R/TN9L71y1h8ulZgkP+VxYLdG1Gw9vwRd+AStGXivCg==",
            "storage_account_name": "yusfunctionapp2023",
            "storage_key_vault_secret_id": "",
            "storage_uses_managed_identity": false,
            "tags": null,
            "timeouts": null,
            "virtual_network_subnet_id": "",
            "zip_deploy_file": ""
          },
          "sensitive_attributes": [
            [
              {
                "type": "get_attr",
                "value": "storage_account_access_key"
              }
            ]
          ],
          "private": "eyJlMmJmYjczMC1lY2FhLTExZTYtOGY4OC0zNDM2M2JjN2M0YzAiOnsiY3JlYXRlIjoxODAwMDAwMDAwMDAwLCJkZWxldGUiOjE4MDAwMDAwMDAwMDAsInJlYWQiOjMwMDAwMDAwMDAwMCwidXBkYXRlIjoxODAwMDAwMDAwMDAwfX0=",
          "dependencies": [
            "azurerm_application_insights.yus-appinsights",
            "azurerm_log_analytics_workspace.yus-loganalytics",
            "azurerm_resource_group.rg",
            "azurerm_service_plan.back-asp",
            "azurerm_storage_account.yusstoreaccount",
            "azurerm_subnet.yusbe-subnet",
            "azurerm_subnet.yusfe-subnet",
            "azurerm_virtual_network.yusufnet"
          ]
        }
      ]
    },
    {
      "mode": "managed",
      "type": "azurerm_linux_web_app",
      "name": "feapp",
      "provider": "provider[\"registry.terraform.io/hashicorp/azurerm\"]",
      "instances": [
        {
          "schema_version": 0,
          "attributes": {
            "app_settings": {
              "APPINSIGHTS_INSTRUMENTATIONKEY": "3d0284f7-2709-4d24-9172-0ce32876df84",
              "APPINSIGHTS_PROFILERFEATURE_VERSION": "1.0.0",
              "ApplicationInsightsAgent_EXTENSION_VERSION": "~2"
            },
            "auth_settings": [],
            "auth_settings_v2": [],
            "backup": [],
            "client_affinity_enabled": false,
            "client_certificate_enabled": false,
            "client_certificate_exclusion_paths": "",
            "client_certificate_mode": "Required",
            "connection_string": [],
            "custom_domain_verification_id": "C1A31DAA2D5D7E900715F8FBE61F412AC833E433F6A1DC81ABC471370C7C2283",
            "default_hostname": "yustestenviroment.azurewebsites.net",
            "enabled": true,
            "hosting_environment_id": "",
            "https_only": false,
            "id": "/subscriptions/dcca56dc-7bdc-4c6d-abd7-8bef926c1f09/resourceGroups/Yusuf-RG/providers/Microsoft.Web/sites/yustestenviroment",
            "identity": [],
            "key_vault_reference_identity_id": "SystemAssigned",
            "kind": "app,linux",
            "location": "uksouth",
            "logs": [],
            "name": "yustestenviroment",
            "outbound_ip_address_list": [
              "51.11.18.78",
              "51.11.18.132",
              "51.11.18.150",
              "51.11.18.195",
              "51.11.18.222",
              "51.11.19.118",
              "20.90.134.27"
            ],
            "outbound_ip_addresses": "51.11.18.78,51.11.18.132,51.11.18.150,51.11.18.195,51.11.18.222,51.11.19.118,20.90.134.27",
            "possible_outbound_ip_address_list": [
              "51.11.18.78",
              "51.11.18.132",
              "51.11.18.150",
              "51.11.18.195",
              "51.11.18.222",
              "51.11.19.118",
              "51.11.19.133",
              "51.11.20.71",
              "51.11.20.127",
              "51.11.20.150",
              "51.11.20.199",
              "51.11.20.243",
              "51.11.21.97",
              "51.11.21.185",
              "51.11.21.229",
              "51.11.21.237",
              "51.11.22.36",
              "51.11.22.189",
              "51.11.22.227",
              "51.11.22.254",
              "51.11.23.164",
              "51.11.23.176",
              "51.11.23.254",
              "51.11.56.81",
              "20.90.134.27"
            ],
            "possible_outbound_ip_addresses": "51.11.18.78,51.11.18.132,51.11.18.150,51.11.18.195,51.11.18.222,51.11.19.118,51.11.19.133,51.11.20.71,51.11.20.127,51.11.20.150,51.11.20.199,51.11.20.243,51.11.21.97,51.11.21.185,51.11.21.229,51.11.21.237,51.11.22.36,51.11.22.189,51.11.22.227,51.11.22.254,51.11.23.164,51.11.23.176,51.11.23.254,51.11.56.81,20.90.134.27",
            "public_network_access_enabled": true,
            "resource_group_name": "Yusuf-RG",
            "service_plan_id": "/subscriptions/dcca56dc-7bdc-4c6d-abd7-8bef926c1f09/resourceGroups/Yusuf-RG/providers/Microsoft.Web/serverfarms/yusfe-asp-prod",
            "site_config": [
              {
                "always_on": false,
                "api_definition_url": "",
                "api_management_api_id": "",
                "app_command_line": "",
                "application_stack": [
                  {
                    "docker_image": "",
                    "docker_image_name": "",
                    "docker_image_tag": "",
                    "docker_registry_password": "",
                    "docker_registry_url": "",
                    "docker_registry_username": "",
                    "dotnet_version": "",
                    "go_version": "",
                    "java_server": "",
                    "java_server_version": "",
                    "java_version": "",
                    "node_version": "16-lts",
                    "php_version": "",
                    "python_version": "",
                    "ruby_version": ""
                  }
                ],
                "auto_heal_enabled": false,
                "auto_heal_setting": [],
                "container_registry_managed_identity_client_id": "",
                "container_registry_use_managed_identity": false,
                "cors": [],
                "default_documents": [
                  "Default.htm",
                  "Default.html",
                  "Default.asp",
                  "index.htm",
                  "index.html",
                  "iisstart.htm",
                  "default.aspx",
                  "index.php",
                  "hostingstart.html"
                ],
                "detailed_error_logging_enabled": false,
                "ftps_state": "Disabled",
                "health_check_eviction_time_in_min": 0,
                "health_check_path": "",
                "http2_enabled": false,
                "ip_restriction": [],
                "linux_fx_version": "NODE|16-lts",
                "load_balancing_mode": "LeastRequests",
                "local_mysql_enabled": false,
                "managed_pipeline_mode": "Integrated",
                "minimum_tls_version": "1.2",
                "remote_debugging_enabled": false,
                "remote_debugging_version": "VS2019",
                "scm_ip_restriction": [],
                "scm_minimum_tls_version": "1.2",
                "scm_type": "None",
                "scm_use_main_ip_restriction": false,
                "use_32_bit_worker": true,
                "vnet_route_all_enabled": false,
                "websockets_enabled": false,
                "worker_count": 1
              }
            ],
            "site_credential": [
              {
                "name": "$yustestenviroment",
                "password": "RPckPanpDNkGvSQ1KsTdHkbqrqWv3WXRhbD1hepPZcucC04gkaf69gxtzpff"
              }
            ],
            "sticky_settings": [],
            "storage_account": [],
            "tags": null,
            "timeouts": null,
            "virtual_network_subnet_id": "",
            "zip_deploy_file": ""
          },
          "sensitive_attributes": [
            [
              {
                "type": "get_attr",
                "value": "app_settings"
              },
              {
                "type": "index",
                "value": {
                  "value": "APPINSIGHTS_INSTRUMENTATIONKEY",
                  "type": "string"
                }
              }
            ]
          ],
          "private": "eyJlMmJmYjczMC1lY2FhLTExZTYtOGY4OC0zNDM2M2JjN2M0YzAiOnsiY3JlYXRlIjoxODAwMDAwMDAwMDAwLCJkZWxldGUiOjE4MDAwMDAwMDAwMDAsInJlYWQiOjMwMDAwMDAwMDAwMCwidXBkYXRlIjoxODAwMDAwMDAwMDAwfX0=",
          "dependencies": [
            "azurerm_application_insights.yus-appinsights",
            "azurerm_log_analytics_workspace.yus-loganalytics",
            "azurerm_resource_group.rg",
            "azurerm_service_plan.front-asp",
            "azurerm_subnet.yusfe-subnet",
            "azurerm_virtual_network.yusufnet"
          ]
        }
      ]
    },
    {
      "mode": "managed",
      "type": "azurerm_log_analytics_workspace",
      "name": "yus-loganalytics",
      "provider": "provider[\"registry.terraform.io/hashicorp/azurerm\"]",
      "instances": [
        {
          "schema_version": 3,
          "attributes": {
            "allow_resource_only_permissions": true,
            "cmk_for_query_forced": false,
            "daily_quota_gb": -1,
            "id": "/subscriptions/dcca56dc-7bdc-4c6d-abd7-8bef926c1f09/resourceGroups/Yusuf-RG/providers/Microsoft.OperationalInsights/workspaces/yus-la-workspace",
            "internet_ingestion_enabled": true,
            "internet_query_enabled": true,
            "local_authentication_disabled": false,
            "location": "uksouth",
            "name": "yus-la-workspace",
            "primary_shared_key": "YI1cvTWCgiX0d+4+1K5QeEEUDYFzmMipZ402wnzcYDO0K6GWqxlQgvNN5Hucup2YP8XsZIEQDZn99RDI+kMvPA==",
            "reservation_capacity_in_gb_per_day": null,
            "resource_group_name": "Yusuf-RG",
            "retention_in_days": 30,
            "secondary_shared_key": "f+zDoFbAzL1t/27zwSpXtBx+oAo/tzURK5y4Bh/Wsx8ZvzfsvKAqngaiJj/4nL+rEqH9RvvWhKXrMDH9RDYF6A==",
            "sku": "PerGB2018",
            "tags": null,
            "timeouts": null,
            "workspace_id": "858f8841-2de8-4dc0-8ec8-8e9665c38f8c"
          },
          "sensitive_attributes": [],
          "private": "eyJlMmJmYjczMC1lY2FhLTExZTYtOGY4OC0zNDM2M2JjN2M0YzAiOnsiY3JlYXRlIjoxODAwMDAwMDAwMDAwLCJkZWxldGUiOjE4MDAwMDAwMDAwMDAsInJlYWQiOjMwMDAwMDAwMDAwMCwidXBkYXRlIjoxODAwMDAwMDAwMDAwfSwic2NoZW1hX3ZlcnNpb24iOiIzIn0=",
          "dependencies": [
            "azurerm_resource_group.rg"
          ]
        }
      ]
    },
    {
      "mode": "managed",
      "type": "azurerm_mssql_database",
      "name": "yus-database",
      "provider": "provider[\"registry.terraform.io/hashicorp/azurerm\"]",
      "instances": [
        {
          "schema_version": 1,
          "attributes": {
            "auto_pause_delay_in_minutes": 0,
            "collation": "SQL_Latin1_General_CP1_CI_AS",
            "create_mode": "Default",
            "creation_source_database_id": null,
            "elastic_pool_id": "",
            "geo_backup_enabled": true,
            "id": "/subscriptions/dcca56dc-7bdc-4c6d-abd7-8bef926c1f09/resourceGroups/Yusuf-RG/providers/Microsoft.Sql/servers/yus-sqldb-test/databases/yus-db",
            "import": [],
            "ledger_enabled": false,
            "license_type": "",
            "long_term_retention_policy": [
              {
                "monthly_retention": "PT0S",
                "week_of_year": 1,
                "weekly_retention": "PT0S",
                "yearly_retention": "PT0S"
              }
            ],
            "maintenance_configuration_name": "SQL_Default",
            "max_size_gb": 2,
            "min_capacity": 0,
            "name": "yus-db",
            "read_replica_count": 0,
            "read_scale": false,
            "recover_database_id": null,
            "restore_dropped_database_id": null,
            "restore_point_in_time": null,
            "sample_name": null,
            "server_id": "/subscriptions/dcca56dc-7bdc-4c6d-abd7-8bef926c1f09/resourceGroups/Yusuf-RG/providers/Microsoft.Sql/servers/yus-sqldb-test",
            "short_term_retention_policy": [
              {
                "backup_interval_in_hours": 24,
                "retention_days": 7
              }
            ],
            "sku_name": "S0",
            "storage_account_type": "Geo",
            "tags": {
              "Application": "yus_devops-demo",
              "Env": "Production"
            },
            "threat_detection_policy": [
              {
                "disabled_alerts": [],
                "email_account_admins": "Disabled",
                "email_addresses": [],
                "retention_days": 0,
                "state": "Disabled",
                "storage_account_access_key": "",
                "storage_endpoint": ""
              }
            ],
            "timeouts": null,
            "transparent_data_encryption_enabled": true,
            "zone_redundant": false
          },
          "sensitive_attributes": [],
          "private": "eyJlMmJmYjczMC1lY2FhLTExZTYtOGY4OC0zNDM2M2JjN2M0YzAiOnsiY3JlYXRlIjozNjAwMDAwMDAwMDAwLCJkZWxldGUiOjM2MDAwMDAwMDAwMDAsInJlYWQiOjMwMDAwMDAwMDAwMCwidXBkYXRlIjozNjAwMDAwMDAwMDAwfSwic2NoZW1hX3ZlcnNpb24iOiIxIn0=",
          "dependencies": [
            "azurerm_mssql_server.yussql1",
            "azurerm_resource_group.rg",
            "random_password.randompass"
          ]
        }
      ]
    },
    {
      "mode": "managed",
      "type": "azurerm_mssql_server",
      "name": "yussql1",
      "provider": "provider[\"registry.terraform.io/hashicorp/azurerm\"]",
      "instances": [
        {
          "schema_version": 0,
          "attributes": {
            "administrator_login": "admin@!2",
            "administrator_login_password": "HjPyupYOAD]nj2YJ",
            "azuread_administrator": [],
            "connection_policy": "Default",
            "fully_qualified_domain_name": "yus-sqldb-test.database.windows.net",
            "id": "/subscriptions/dcca56dc-7bdc-4c6d-abd7-8bef926c1f09/resourceGroups/Yusuf-RG/providers/Microsoft.Sql/servers/yus-sqldb-test",
            "identity": [],
            "location": "uksouth",
            "minimum_tls_version": "1.2",
            "name": "yus-sqldb-test",
            "outbound_network_restriction_enabled": false,
            "primary_user_assigned_identity_id": "",
            "public_network_access_enabled": true,
            "resource_group_name": "Yusuf-RG",
            "restorable_dropped_database_ids": [],
            "tags": {
              "login_username": "Terraform Admin",
              "object_id": "ff0cfbc1-e7ae-4846-8146-322bfbc8995d"
            },
            "timeouts": null,
            "transparent_data_encryption_key_vault_key_id": "",
            "version": "12.0"
          },
          "sensitive_attributes": [
            [
              {
                "type": "get_attr",
                "value": "administrator_login_password"
              }
            ]
          ],
          "private": "eyJlMmJmYjczMC1lY2FhLTExZTYtOGY4OC0zNDM2M2JjN2M0YzAiOnsiY3JlYXRlIjozNjAwMDAwMDAwMDAwLCJkZWxldGUiOjM2MDAwMDAwMDAwMDAsInJlYWQiOjMwMDAwMDAwMDAwMCwidXBkYXRlIjozNjAwMDAwMDAwMDAwfX0=",
          "dependencies": [
            "azurerm_resource_group.rg",
            "random_password.randompass"
          ]
        }
      ]
    },
    {
      "mode": "managed",
      "type": "azurerm_resource_group",
      "name": "rg",
      "provider": "provider[\"registry.terraform.io/hashicorp/azurerm\"]",
      "instances": [
        {
          "schema_version": 0,
          "attributes": {
            "id": "/subscriptions/dcca56dc-7bdc-4c6d-abd7-8bef926c1f09/resourceGroups/Yusuf-RG",
            "location": "uksouth",
            "managed_by": "",
            "name": "Yusuf-RG",
            "tags": {
              "Application": "3TierDemoApp"
            },
            "timeouts": null
          },
          "sensitive_attributes": [],
          "private": "eyJlMmJmYjczMC1lY2FhLTExZTYtOGY4OC0zNDM2M2JjN2M0YzAiOnsiY3JlYXRlIjo1NDAwMDAwMDAwMDAwLCJkZWxldGUiOjU0MDAwMDAwMDAwMDAsInJlYWQiOjMwMDAwMDAwMDAwMCwidXBkYXRlIjo1NDAwMDAwMDAwMDAwfX0="
        }
      ]
    },
    {
      "mode": "managed",
      "type": "azurerm_service_plan",
      "name": "back-asp",
      "provider": "provider[\"registry.terraform.io/hashicorp/azurerm\"]",
      "instances": [
        {
          "schema_version": 0,
          "attributes": {
            "app_service_environment_id": "",
            "id": "/subscriptions/dcca56dc-7bdc-4c6d-abd7-8bef926c1f09/resourceGroups/Yusuf-RG/providers/Microsoft.Web/serverfarms/yusbe-asp-prod",
            "kind": "linux",
            "location": "uksouth",
            "maximum_elastic_worker_count": 1,
            "name": "yusbe-asp-prod",
            "os_type": "Linux",
            "per_site_scaling_enabled": false,
            "reserved": true,
            "resource_group_name": "Yusuf-RG",
            "sku_name": "B1",
            "tags": null,
            "timeouts": null,
            "worker_count": 1,
            "zone_balancing_enabled": false
          },
          "sensitive_attributes": [],
          "private": "eyJlMmJmYjczMC1lY2FhLTExZTYtOGY4OC0zNDM2M2JjN2M0YzAiOnsiY3JlYXRlIjozNjAwMDAwMDAwMDAwLCJkZWxldGUiOjM2MDAwMDAwMDAwMDAsInJlYWQiOjMwMDAwMDAwMDAwMCwidXBkYXRlIjozNjAwMDAwMDAwMDAwfX0=",
          "dependencies": [
            "azurerm_resource_group.rg",
            "azurerm_subnet.yusbe-subnet",
            "azurerm_virtual_network.yusufnet"
          ]
        }
      ]
    },
    {
      "mode": "managed",
      "type": "azurerm_service_plan",
      "name": "front-asp",
      "provider": "provider[\"registry.terraform.io/hashicorp/azurerm\"]",
      "instances": [
        {
          "schema_version": 0,
          "attributes": {
            "app_service_environment_id": "",
            "id": "/subscriptions/dcca56dc-7bdc-4c6d-abd7-8bef926c1f09/resourceGroups/Yusuf-RG/providers/Microsoft.Web/serverfarms/yusfe-asp-prod",
            "kind": "linux",
            "location": "uksouth",
            "maximum_elastic_worker_count": 1,
            "name": "yusfe-asp-prod",
            "os_type": "Linux",
            "per_site_scaling_enabled": false,
            "reserved": true,
            "resource_group_name": "Yusuf-RG",
            "sku_name": "B1",
            "tags": null,
            "timeouts": null,
            "worker_count": 1,
            "zone_balancing_enabled": false
          },
          "sensitive_attributes": [],
          "private": "eyJlMmJmYjczMC1lY2FhLTExZTYtOGY4OC0zNDM2M2JjN2M0YzAiOnsiY3JlYXRlIjozNjAwMDAwMDAwMDAwLCJkZWxldGUiOjM2MDAwMDAwMDAwMDAsInJlYWQiOjMwMDAwMDAwMDAwMCwidXBkYXRlIjozNjAwMDAwMDAwMDAwfX0=",
          "dependencies": [
            "azurerm_resource_group.rg",
            "azurerm_subnet.yusfe-subnet",
            "azurerm_virtual_network.yusufnet"
          ]
        }
      ]
    },
    {
      "mode": "managed",
      "type": "azurerm_storage_account",
      "name": "yus-storage",
      "provider": "provider[\"registry.terraform.io/hashicorp/azurerm\"]",
      "instances": [
        {
          "schema_version": 4,
          "attributes": {
            "access_tier": "Hot",
            "account_kind": "StorageV2",
            "account_replication_type": "LRS",
            "account_tier": "Standard",
            "allow_nested_items_to_be_public": true,
            "allowed_copy_scope": "",
            "azure_files_authentication": [],
            "blob_properties": [
              {
                "change_feed_enabled": false,
                "change_feed_retention_in_days": 0,
                "container_delete_retention_policy": [],
                "cors_rule": [],
                "default_service_version": "",
                "delete_retention_policy": [],
                "last_access_time_enabled": false,
                "restore_policy": [],
                "versioning_enabled": false
              }
            ],
            "cross_tenant_replication_enabled": true,
            "custom_domain": [],
            "customer_managed_key": [],
            "default_to_oauth_authentication": false,
            "edge_zone": "",
            "enable_https_traffic_only": true,
            "id": "/subscriptions/dcca56dc-7bdc-4c6d-abd7-8bef926c1f09/resourceGroups/Yusuf-RG/providers/Microsoft.Storage/storageAccounts/yusuf2023store",
            "identity": [],
            "immutability_policy": [],
            "infrastructure_encryption_enabled": false,
            "is_hns_enabled": false,
            "large_file_share_enabled": null,
            "location": "uksouth",
            "min_tls_version": "TLS1_2",
            "name": "yusuf2023store",
            "network_rules": [
              {
                "bypass": [
                  "AzureServices"
                ],
                "default_action": "Allow",
                "ip_rules": [],
                "private_link_access": [],
                "virtual_network_subnet_ids": []
              }
            ],
            "nfsv3_enabled": false,
            "primary_access_key": "xim8NZV7dH0PevALJCSdFZRVgCfRg6aOWYsI255CNhnXeAC6RsjapZKEk+PGwijSAEERYZxK+JJa+AStdjU26g==",
            "primary_blob_connection_string": "DefaultEndpointsProtocol=https;BlobEndpoint=https://yusuf2023store.blob.core.windows.net/;AccountName=yusuf2023store;AccountKey=xim8NZV7dH0PevALJCSdFZRVgCfRg6aOWYsI255CNhnXeAC6RsjapZKEk+PGwijSAEERYZxK+JJa+AStdjU26g==",
            "primary_blob_endpoint": "https://yusuf2023store.blob.core.windows.net/",
            "primary_blob_host": "yusuf2023store.blob.core.windows.net",
            "primary_connection_string": "DefaultEndpointsProtocol=https;AccountName=yusuf2023store;AccountKey=xim8NZV7dH0PevALJCSdFZRVgCfRg6aOWYsI255CNhnXeAC6RsjapZKEk+PGwijSAEERYZxK+JJa+AStdjU26g==;EndpointSuffix=core.windows.net",
            "primary_dfs_endpoint": "https://yusuf2023store.dfs.core.windows.net/",
            "primary_dfs_host": "yusuf2023store.dfs.core.windows.net",
            "primary_file_endpoint": "https://yusuf2023store.file.core.windows.net/",
            "primary_file_host": "yusuf2023store.file.core.windows.net",
            "primary_location": "uksouth",
            "primary_queue_endpoint": "https://yusuf2023store.queue.core.windows.net/",
            "primary_queue_host": "yusuf2023store.queue.core.windows.net",
            "primary_table_endpoint": "https://yusuf2023store.table.core.windows.net/",
            "primary_table_host": "yusuf2023store.table.core.windows.net",
            "primary_web_endpoint": "https://yusuf2023store.z33.web.core.windows.net/",
            "primary_web_host": "yusuf2023store.z33.web.core.windows.net",
            "public_network_access_enabled": true,
            "queue_encryption_key_type": "Service",
            "queue_properties": [
              {
                "cors_rule": [],
                "hour_metrics": [
                  {
                    "enabled": true,
                    "include_apis": true,
                    "retention_policy_days": 7,
                    "version": "1.0"
                  }
                ],
                "logging": [
                  {
                    "delete": false,
                    "read": false,
                    "retention_policy_days": 0,
                    "version": "1.0",
                    "write": false
                  }
                ],
                "minute_metrics": [
                  {
                    "enabled": false,
                    "include_apis": false,
                    "retention_policy_days": 0,
                    "version": "1.0"
                  }
                ]
              }
            ],
            "resource_group_name": "Yusuf-RG",
            "routing": [],
            "sas_policy": [],
            "secondary_access_key": "ewkolTTIqndE6wv8y4w2y4+a+9Q8N8/jF+k/8y0PiIz8fibt7bC5O2Inv1e597mQng7+cVCwjTXO+AStpJKYxQ==",
            "secondary_blob_connection_string": "",
            "secondary_blob_endpoint": null,
            "secondary_blob_host": null,
            "secondary_connection_string": "DefaultEndpointsProtocol=https;AccountName=yusuf2023store;AccountKey=ewkolTTIqndE6wv8y4w2y4+a+9Q8N8/jF+k/8y0PiIz8fibt7bC5O2Inv1e597mQng7+cVCwjTXO+AStpJKYxQ==;EndpointSuffix=core.windows.net",
            "secondary_dfs_endpoint": null,
            "secondary_dfs_host": null,
            "secondary_file_endpoint": null,
            "secondary_file_host": null,
            "secondary_location": "",
            "secondary_queue_endpoint": null,
            "secondary_queue_host": null,
            "secondary_table_endpoint": null,
            "secondary_table_host": null,
            "secondary_web_endpoint": null,
            "secondary_web_host": null,
            "sftp_enabled": false,
            "share_properties": [
              {
                "cors_rule": [],
                "retention_policy": [
                  {
                    "days": 7
                  }
                ],
                "smb": []
              }
            ],
            "shared_access_key_enabled": true,
            "static_website": [],
            "table_encryption_key_type": "Service",
            "tags": {
              "environment": "staging"
            },
            "timeouts": null
          },
          "sensitive_attributes": [],
          "private": "eyJlMmJmYjczMC1lY2FhLTExZTYtOGY4OC0zNDM2M2JjN2M0YzAiOnsiY3JlYXRlIjozNjAwMDAwMDAwMDAwLCJkZWxldGUiOjM2MDAwMDAwMDAwMDAsInJlYWQiOjMwMDAwMDAwMDAwMCwidXBkYXRlIjozNjAwMDAwMDAwMDAwfSwic2NoZW1hX3ZlcnNpb24iOiI0In0=",
          "dependencies": [
            "azurerm_resource_group.rg"
          ]
        }
      ]
    },
    {
      "mode": "managed",
      "type": "azurerm_storage_account",
      "name": "yusstoreaccount",
      "provider": "provider[\"registry.terraform.io/hashicorp/azurerm\"]",
      "instances": [
        {
          "schema_version": 4,
          "attributes": {
            "access_tier": "Hot",
            "account_kind": "StorageV2",
            "account_replication_type": "LRS",
            "account_tier": "Standard",
            "allow_nested_items_to_be_public": true,
            "allowed_copy_scope": "",
            "azure_files_authentication": [],
            "blob_properties": [
              {
                "change_feed_enabled": false,
                "change_feed_retention_in_days": 0,
                "container_delete_retention_policy": [],
                "cors_rule": [],
                "default_service_version": "",
                "delete_retention_policy": [],
                "last_access_time_enabled": false,
                "restore_policy": [],
                "versioning_enabled": false
              }
            ],
            "cross_tenant_replication_enabled": true,
            "custom_domain": [],
            "customer_managed_key": [],
            "default_to_oauth_authentication": false,
            "edge_zone": "",
            "enable_https_traffic_only": true,
            "id": "/subscriptions/dcca56dc-7bdc-4c6d-abd7-8bef926c1f09/resourceGroups/Yusuf-RG/providers/Microsoft.Storage/storageAccounts/yusfunctionapp2023",
            "identity": [],
            "immutability_policy": [],
            "infrastructure_encryption_enabled": false,
            "is_hns_enabled": false,
            "large_file_share_enabled": null,
            "location": "uksouth",
            "min_tls_version": "TLS1_2",
            "name": "yusfunctionapp2023",
            "network_rules": [
              {
                "bypass": [
                  "AzureServices"
                ],
                "default_action": "Allow",
                "ip_rules": [],
                "private_link_access": [],
                "virtual_network_subnet_ids": []
              }
            ],
            "nfsv3_enabled": false,
            "primary_access_key": "JYbcsBLRdfeLS9F6+a88LVmOrWmo155p5WG18/f9z23R/TN9L71y1h8ulZgkP+VxYLdG1Gw9vwRd+AStGXivCg==",
            "primary_blob_connection_string": "DefaultEndpointsProtocol=https;BlobEndpoint=https://yusfunctionapp2023.blob.core.windows.net/;AccountName=yusfunctionapp2023;AccountKey=JYbcsBLRdfeLS9F6+a88LVmOrWmo155p5WG18/f9z23R/TN9L71y1h8ulZgkP+VxYLdG1Gw9vwRd+AStGXivCg==",
            "primary_blob_endpoint": "https://yusfunctionapp2023.blob.core.windows.net/",
            "primary_blob_host": "yusfunctionapp2023.blob.core.windows.net",
            "primary_connection_string": "DefaultEndpointsProtocol=https;AccountName=yusfunctionapp2023;AccountKey=JYbcsBLRdfeLS9F6+a88LVmOrWmo155p5WG18/f9z23R/TN9L71y1h8ulZgkP+VxYLdG1Gw9vwRd+AStGXivCg==;EndpointSuffix=core.windows.net",
            "primary_dfs_endpoint": "https://yusfunctionapp2023.dfs.core.windows.net/",
            "primary_dfs_host": "yusfunctionapp2023.dfs.core.windows.net",
            "primary_file_endpoint": "https://yusfunctionapp2023.file.core.windows.net/",
            "primary_file_host": "yusfunctionapp2023.file.core.windows.net",
            "primary_location": "uksouth",
            "primary_queue_endpoint": "https://yusfunctionapp2023.queue.core.windows.net/",
            "primary_queue_host": "yusfunctionapp2023.queue.core.windows.net",
            "primary_table_endpoint": "https://yusfunctionapp2023.table.core.windows.net/",
            "primary_table_host": "yusfunctionapp2023.table.core.windows.net",
            "primary_web_endpoint": "https://yusfunctionapp2023.z33.web.core.windows.net/",
            "primary_web_host": "yusfunctionapp2023.z33.web.core.windows.net",
            "public_network_access_enabled": true,
            "queue_encryption_key_type": "Service",
            "queue_properties": [
              {
                "cors_rule": [],
                "hour_metrics": [
                  {
                    "enabled": true,
                    "include_apis": true,
                    "retention_policy_days": 7,
                    "version": "1.0"
                  }
                ],
                "logging": [
                  {
                    "delete": false,
                    "read": false,
                    "retention_policy_days": 0,
                    "version": "1.0",
                    "write": false
                  }
                ],
                "minute_metrics": [
                  {
                    "enabled": false,
                    "include_apis": false,
                    "retention_policy_days": 0,
                    "version": "1.0"
                  }
                ]
              }
            ],
            "resource_group_name": "Yusuf-RG",
            "routing": [],
            "sas_policy": [],
            "secondary_access_key": "7kKLXpncgHgvRduWTChiueGS2igs8+TWOA19N5YjXl6V4Vb32EhmOYK+rVXPXiEJ1K1iU+8W8/w7+AStFD1StA==",
            "secondary_blob_connection_string": "",
            "secondary_blob_endpoint": null,
            "secondary_blob_host": null,
            "secondary_connection_string": "DefaultEndpointsProtocol=https;AccountName=yusfunctionapp2023;AccountKey=7kKLXpncgHgvRduWTChiueGS2igs8+TWOA19N5YjXl6V4Vb32EhmOYK+rVXPXiEJ1K1iU+8W8/w7+AStFD1StA==;EndpointSuffix=core.windows.net",
            "secondary_dfs_endpoint": null,
            "secondary_dfs_host": null,
            "secondary_file_endpoint": null,
            "secondary_file_host": null,
            "secondary_location": "",
            "secondary_queue_endpoint": null,
            "secondary_queue_host": null,
            "secondary_table_endpoint": null,
            "secondary_table_host": null,
            "secondary_web_endpoint": null,
            "secondary_web_host": null,
            "sftp_enabled": false,
            "share_properties": [
              {
                "cors_rule": [],
                "retention_policy": [
                  {
                    "days": 7
                  }
                ],
                "smb": []
              }
            ],
            "shared_access_key_enabled": true,
            "static_website": [],
            "table_encryption_key_type": "Service",
            "tags": null,
            "timeouts": null
          },
          "sensitive_attributes": [],
          "private": "eyJlMmJmYjczMC1lY2FhLTExZTYtOGY4OC0zNDM2M2JjN2M0YzAiOnsiY3JlYXRlIjozNjAwMDAwMDAwMDAwLCJkZWxldGUiOjM2MDAwMDAwMDAwMDAsInJlYWQiOjMwMDAwMDAwMDAwMCwidXBkYXRlIjozNjAwMDAwMDAwMDAwfSwic2NoZW1hX3ZlcnNpb24iOiI0In0=",
          "dependencies": [
            "azurerm_resource_group.rg"
          ]
        }
      ]
    },
    {
      "mode": "managed",
      "type": "azurerm_subnet",
      "name": "yusbe-subnet",
      "provider": "provider[\"registry.terraform.io/hashicorp/azurerm\"]",
      "instances": [
        {
          "schema_version": 0,
          "attributes": {
            "address_prefixes": [
              "10.0.0.64/26"
            ],
            "delegation": [
              {
                "name": "delegation",
                "service_delegation": [
                  {
                    "actions": [
                      "Microsoft.Network/virtualNetworks/subnets/action"
                    ],
                    "name": "Microsoft.Web/serverFarms"
                  }
                ]
              }
            ],
            "enforce_private_link_endpoint_network_policies": false,
            "enforce_private_link_service_network_policies": false,
            "id": "/subscriptions/dcca56dc-7bdc-4c6d-abd7-8bef926c1f09/resourceGroups/Yusuf-RG/providers/Microsoft.Network/virtualNetworks/yus1-vnet/subnets/be-subnet",
            "name": "be-subnet",
            "private_endpoint_network_policies_enabled": true,
            "private_link_service_network_policies_enabled": true,
            "resource_group_name": "Yusuf-RG",
            "service_endpoint_policy_ids": null,
            "service_endpoints": null,
            "timeouts": null,
            "virtual_network_name": "yus1-vnet"
          },
          "sensitive_attributes": [],
          "private": "eyJlMmJmYjczMC1lY2FhLTExZTYtOGY4OC0zNDM2M2JjN2M0YzAiOnsiY3JlYXRlIjoxODAwMDAwMDAwMDAwLCJkZWxldGUiOjE4MDAwMDAwMDAwMDAsInJlYWQiOjMwMDAwMDAwMDAwMCwidXBkYXRlIjoxODAwMDAwMDAwMDAwfX0=",
          "dependencies": [
            "azurerm_resource_group.rg",
            "azurerm_virtual_network.yusufnet"
          ]
        }
      ]
    },
    {
      "mode": "managed",
      "type": "azurerm_subnet",
      "name": "yusfe-subnet",
      "provider": "provider[\"registry.terraform.io/hashicorp/azurerm\"]",
      "instances": [
        {
          "schema_version": 0,
          "attributes": {
            "address_prefixes": [
              "10.0.1.0/26"
            ],
            "delegation": [
              {
                "name": "delegation",
                "service_delegation": [
                  {
                    "actions": [
                      "Microsoft.Network/virtualNetworks/subnets/action"
                    ],
                    "name": "Microsoft.Web/serverFarms"
                  }
                ]
              }
            ],
            "enforce_private_link_endpoint_network_policies": false,
            "enforce_private_link_service_network_policies": false,
            "id": "/subscriptions/dcca56dc-7bdc-4c6d-abd7-8bef926c1f09/resourceGroups/Yusuf-RG/providers/Microsoft.Network/virtualNetworks/yus1-vnet/subnets/fe-subnet",
            "name": "fe-subnet",
            "private_endpoint_network_policies_enabled": true,
            "private_link_service_network_policies_enabled": true,
            "resource_group_name": "Yusuf-RG",
            "service_endpoint_policy_ids": null,
            "service_endpoints": [
              "Microsoft.Web"
            ],
            "timeouts": null,
            "virtual_network_name": "yus1-vnet"
          },
          "sensitive_attributes": [],
          "private": "eyJlMmJmYjczMC1lY2FhLTExZTYtOGY4OC0zNDM2M2JjN2M0YzAiOnsiY3JlYXRlIjoxODAwMDAwMDAwMDAwLCJkZWxldGUiOjE4MDAwMDAwMDAwMDAsInJlYWQiOjMwMDAwMDAwMDAwMCwidXBkYXRlIjoxODAwMDAwMDAwMDAwfX0=",
          "dependencies": [
            "azurerm_resource_group.rg",
            "azurerm_virtual_network.yusufnet"
          ]
        }
      ]
    },
    {
      "mode": "managed",
      "type": "azurerm_virtual_network",
      "name": "yusufnet",
      "provider": "provider[\"registry.terraform.io/hashicorp/azurerm\"]",
      "instances": [
        {
          "schema_version": 0,
          "attributes": {
            "address_space": [
              "10.0.0.0/16"
            ],
            "bgp_community": "",
            "ddos_protection_plan": [],
            "dns_servers": [],
            "edge_zone": "",
            "encryption": [],
            "flow_timeout_in_minutes": 0,
            "guid": "6c572c0d-5ecd-4800-9f42-c0ea92bccd9e",
            "id": "/subscriptions/dcca56dc-7bdc-4c6d-abd7-8bef926c1f09/resourceGroups/Yusuf-RG/providers/Microsoft.Network/virtualNetworks/yus1-vnet",
            "location": "uksouth",
            "name": "yus1-vnet",
            "resource_group_name": "Yusuf-RG",
            "subnet": [],
            "tags": null,
            "timeouts": null
          },
          "sensitive_attributes": [],
          "private": "eyJlMmJmYjczMC1lY2FhLTExZTYtOGY4OC0zNDM2M2JjN2M0YzAiOnsiY3JlYXRlIjoxODAwMDAwMDAwMDAwLCJkZWxldGUiOjE4MDAwMDAwMDAwMDAsInJlYWQiOjMwMDAwMDAwMDAwMCwidXBkYXRlIjoxODAwMDAwMDAwMDAwfX0=",
          "dependencies": [
            "azurerm_resource_group.rg"
          ]
        }
      ]
    },
    {
      "mode": "managed",
      "type": "random_password",
      "name": "randompass",
      "provider": "provider[\"registry.terraform.io/hashicorp/random\"]",
      "instances": [
        {
          "schema_version": 3,
          "attributes": {
            "bcrypt_hash": "$2a$10$NUnT9BSH4slaCMmwyK/9quD/CNmm8//RlKERPZe8cupEhgcoKa76S",
            "id": "none",
            "keepers": null,
            "length": 16,
            "lower": true,
            "min_lower": 0,
            "min_numeric": 0,
            "min_special": 0,
            "min_upper": 0,
            "number": true,
            "numeric": true,
            "override_special": "!#$\u0026%*()-_+[]{}\u003c\u003e:?",
            "result": "HjPyupYOAD]nj2YJ",
            "special": true,
            "upper": true
          },
          "sensitive_attributes": []
        }
      ]
    }
  ],
  "check_results": null
}
